Microsoft Visual Studio Solution File, Format Version 12.00
# Visual Studio Version 17
VisualStudioVersion = 17.5.2.0
MinimumVisualStudioVersion = 10.0.40219.1
Project("{FAE04EC0-301F-11D3-BF4B-00C04F79EFBC}") = "QMEditor", "QMEditor.csproj", "{E43ECE33-2794-84F4-C747-E69E32D10416}"
EndProject
Global
	GlobalSection(SolutionConfigurationPlatforms) = preSolution
		Debug|Any CPU = Debug|Any CPU
		Release|Any CPU = Release|Any CPU
	EndGlobalSection
	GlobalSection(ProjectConfigurationPlatforms) = postSolution
		{E43ECE33-2794-84F4-C747-E69E32D10416}.Debug|Any CPU.ActiveCfg = Debug|Any CPU
		{E43ECE33-2794-84F4-C747-E69E32D10416}.Debug|Any CPU.Build.0 = Debug|Any CPU
		{E43ECE33-2794-84F4-C747-E69E32D10416}.Release|Any CPU.ActiveCfg = Release|Any CPU
		{E43ECE33-2794-84F4-C747-E69E32D10416}.Release|Any CPU.Build.0 = Release|Any CPU
	EndGlobalSection
	GlobalSection(SolutionProperties) = preSolution
		HideSolutionNode = FALSE
	EndGlobalSection
	GlobalSection(ExtensibilityGlobals) = postSolution
		SolutionGuid = {E35D702B-D1D4-48C5-84FF-F78D9AB1F658}
	EndGlobalSection
EndGlobal
